
Microsoft Visual Studio Solution File, Format Version 12.00
# Visual Studio Version 17
VisualStudioVersion = 17.0.31903.59
MinimumVisualStudioVersion = 10.0.40219.1
Project("{FAE04EC0-301F-11D3-BF4B-00C04F79EFBC}") = "ConsoleQuest", "ConsoleQuest\ConsoleQuest.csproj", "{52CF608C-C068-428D-AE01-FAFF8EB641E4}"
EndProject
Project("{FAE04EC0-301F-11D3-BF4B-00C04F79EFBC}") = "Hero", "Hero\Hero.csproj", "{F718931C-5543-4E4D-924D-C2576C3AE195}"
EndProject
Project("{FAE04EC0-301F-11D3-BF4B-00C04F79EFBC}") = "Enemy", "Enemy\Enemy.csproj", "{6F3AB4FF-02C3-4222-B6E6-9A4CA5892BCD}"
EndProject
Project("{FAE04EC0-301F-11D3-BF4B-00C04F79EFBC}") = "Weapon", "Weapon\Weapon.csproj", "{E1D237ED-EA3C-4D46-933B-F74FA24B7716}"
EndProject
Project("{FAE04EC0-301F-11D3-BF4B-00C04F79EFBC}") = "Level", "Level\Level.csproj", "{C8C30D9A-9FA1-4182-9DD7-D699D443C738}"
EndProject
Global
	GlobalSection(SolutionConfigurationPlatforms) = preSolution
		Debug|Any CPU = Debug|Any CPU
		Release|Any CPU = Release|Any CPU
	EndGlobalSection
	GlobalSection(ProjectConfigurationPlatforms) = postSolution
		{52CF608C-C068-428D-AE01-FAFF8EB641E4}.Debug|Any CPU.ActiveCfg = Debug|Any CPU
		{52CF608C-C068-428D-AE01-FAFF8EB641E4}.Debug|Any CPU.Build.0 = Debug|Any CPU
		{52CF608C-C068-428D-AE01-FAFF8EB641E4}.Release|Any CPU.ActiveCfg = Release|Any CPU
		{52CF608C-C068-428D-AE01-FAFF8EB641E4}.Release|Any CPU.Build.0 = Release|Any CPU
		{F718931C-5543-4E4D-924D-C2576C3AE195}.Debug|Any CPU.ActiveCfg = Debug|Any CPU
		{F718931C-5543-4E4D-924D-C2576C3AE195}.Debug|Any CPU.Build.0 = Debug|Any CPU
		{F718931C-5543-4E4D-924D-C2576C3AE195}.Release|Any CPU.ActiveCfg = Release|Any CPU
		{F718931C-5543-4E4D-924D-C2576C3AE195}.Release|Any CPU.Build.0 = Release|Any CPU
		{6F3AB4FF-02C3-4222-B6E6-9A4CA5892BCD}.Debug|Any CPU.ActiveCfg = Debug|Any CPU
		{6F3AB4FF-02C3-4222-B6E6-9A4CA5892BCD}.Debug|Any CPU.Build.0 = Debug|Any CPU
		{6F3AB4FF-02C3-4222-B6E6-9A4CA5892BCD}.Release|Any CPU.ActiveCfg = Release|Any CPU
		{6F3AB4FF-02C3-4222-B6E6-9A4CA5892BCD}.Release|Any CPU.Build.0 = Release|Any CPU
		{E1D237ED-EA3C-4D46-933B-F74FA24B7716}.Debug|Any CPU.ActiveCfg = Debug|Any CPU
		{E1D237ED-EA3C-4D46-933B-F74FA24B7716}.Debug|Any CPU.Build.0 = Debug|Any CPU
		{E1D237ED-EA3C-4D46-933B-F74FA24B7716}.Release|Any CPU.ActiveCfg = Release|Any CPU
		{E1D237ED-EA3C-4D46-933B-F74FA24B7716}.Release|Any CPU.Build.0 = Release|Any CPU
		{C8C30D9A-9FA1-4182-9DD7-D699D443C738}.Debug|Any CPU.ActiveCfg = Debug|Any CPU
		{C8C30D9A-9FA1-4182-9DD7-D699D443C738}.Debug|Any CPU.Build.0 = Debug|Any CPU
		{C8C30D9A-9FA1-4182-9DD7-D699D443C738}.Release|Any CPU.ActiveCfg = Release|Any CPU
		{C8C30D9A-9FA1-4182-9DD7-D699D443C738}.Release|Any CPU.Build.0 = Release|Any CPU
	EndGlobalSection
	GlobalSection(SolutionProperties) = preSolution
		HideSolutionNode = FALSE
	EndGlobalSection
EndGlobal
